
Microsoft Visual Studio Solution File, Format Version 12.00
# Visual Studio Version 17
VisualStudioVersion = 17.12.35707.178 d17.12
MinimumVisualStudioVersion = 10.0.40219.1
Project("{FAE04EC0-301F-11D3-BF4B-00C04F79EFBC}") = "PruebaBackend", "PruebaBackend.csproj", "{2FB6BD71-2C81-45A1-88EB-F9B2FA0FF43D}"
EndProject
Global
	GlobalSection(SolutionConfigurationPlatforms) = preSolution
		Debug|Any CPU = Debug|Any CPU
		Release|Any CPU = Release|Any CPU
	EndGlobalSection
	GlobalSection(ProjectConfigurationPlatforms) = postSolution
		{2FB6BD71-2C81-45A1-88EB-F9B2FA0FF43D}.Debug|Any CPU.ActiveCfg = Debug|Any CPU
		{2FB6BD71-2C81-45A1-88EB-F9B2FA0FF43D}.Debug|Any CPU.Build.0 = Debug|Any CPU
		{2FB6BD71-2C81-45A1-88EB-F9B2FA0FF43D}.Release|Any CPU.ActiveCfg = Release|Any CPU
		{2FB6BD71-2C81-45A1-88EB-F9B2FA0FF43D}.Release|Any CPU.Build.0 = Release|Any CPU
	EndGlobalSection
	GlobalSection(SolutionProperties) = preSolution
		HideSolutionNode = FALSE
	EndGlobalSection
EndGlobal
